
Microsoft Visual Studio Solution File, Format Version 12.00
# Visual Studio Version 17
VisualStudioVersion = 17.7.34024.191
MinimumVisualStudioVersion = 10.0.40219.1
Project("{FAE04EC0-301F-11D3-BF4B-00C04F79EFBC}") = "bt1", "bt1\bt1.csproj", "{D876E0D6-508E-4D99-9C0E-ACD79462690E}"
EndProject
Global
	GlobalSection(SolutionConfigurationPlatforms) = preSolution
		Debug|Any CPU = Debug|Any CPU
		Release|Any CPU = Release|Any CPU
	EndGlobalSection
	GlobalSection(ProjectConfigurationPlatforms) = postSolution
		{D876E0D6-508E-4D99-9C0E-ACD79462690E}.Debug|Any CPU.ActiveCfg = Debug|Any CPU
		{D876E0D6-508E-4D99-9C0E-ACD79462690E}.Debug|Any CPU.Build.0 = Debug|Any CPU
		{D876E0D6-508E-4D99-9C0E-ACD79462690E}.Release|Any CPU.ActiveCfg = Release|Any CPU
		{D876E0D6-508E-4D99-9C0E-ACD79462690E}.Release|Any CPU.Build.0 = Release|Any CPU
	EndGlobalSection
	GlobalSection(SolutionProperties) = preSolution
		HideSolutionNode = FALSE
	EndGlobalSection
	GlobalSection(ExtensibilityGlobals) = postSolution
		SolutionGuid = {E34972AD-A831-4A56-92B6-36A3D3D94B56}
	EndGlobalSection
EndGlobal
